
Microsoft Visual Studio Solution File, Format Version 11.00
# Visual Studio 2010
Project("{FAE04EC0-301F-11D3-BF4B-00C04F79EFBC}") = "Game.Core", "..\Game.Core\Game.Core.csproj", "{33E536AC-ED8D-418A-84AF-39678A864190}"
EndProject
Project("{FAE04EC0-301F-11D3-BF4B-00C04F79EFBC}") = "Game.Content", "..\Game.Content\Game.Content.contentproj", "{C94A52DB-BE2B-41EE-9939-CF4FEBE1C4FF}"
EndProject
Project("{FAE04EC0-301F-11D3-BF4B-00C04F79EFBC}") = "Framework.Core", "..\Framework.Core\Framework.Core.csproj", "{F0B86B7F-3493-4EF9-919B-36C8CC4B0A9B}"
EndProject
Project("{FAE04EC0-301F-11D3-BF4B-00C04F79EFBC}") = "Framework.Gui", "..\Framework.Gui\Framework.Gui.csproj", "{F32613D7-5152-435E-A396-D3C4C87BB83B}"
EndProject
Project("{2150E333-8FDC-42A3-9474-1A3956D46DE8}") = "Frameworks", "Frameworks", "{AD091AFB-231C-4740-87C2-49D820C2AFC5}"
EndProject
Project("{FAE04EC0-301F-11D3-BF4B-00C04F79EFBC}") = "Game.Package.Outworld", "..\Game.Package.Outworld\Game.Package.Outworld.csproj", "{B5CC347C-15CB-4E6F-B87B-66E931C33A3C}"
EndProject
Project("{FAE04EC0-301F-11D3-BF4B-00C04F79EFBC}") = "Game.World", "..\Game.World\Game.World.csproj", "{05959044-0F61-4D38-89F7-38B2B2D44AD7}"
EndProject
Project("{2150E333-8FDC-42A3-9474-1A3956D46DE8}") = "Game modules", "Game modules", "{75D418D0-902B-4B78-B57B-8E30214AA9F6}"
EndProject
Project("{2150E333-8FDC-42A3-9474-1A3956D46DE8}") = "Packages", "Packages", "{53661C27-347D-41AE-954C-CD7AAB03225C}"
EndProject
Project("{FAE04EC0-301F-11D3-BF4B-00C04F79EFBC}") = "Framework.Physics", "..\Framework.Physics\Framework.Physics.csproj", "{8677A581-51A1-4825-B283-4BEAB53EBE3C}"
EndProject
Project("{2150E333-8FDC-42A3-9474-1A3956D46DE8}") = "Settings", "Settings", "{92F08E7F-B186-477E-BDF8-29712D94CCB3}"
	ProjectSection(SolutionItems) = preProject
		..\Resources\GamePackages\Settings.xml = ..\Resources\GamePackages\Settings.xml
	EndProjectSection
EndProject
Project("{FAE04EC0-301F-11D3-BF4B-00C04F79EFBC}") = "Framework.Network", "..\Framework.Network\Framework.Network.csproj", "{B970FFE7-43B4-4D78-9CD3-254BCA6564FA}"
EndProject
Project("{FAE04EC0-301F-11D3-BF4B-00C04F79EFBC}") = "Game.Network", "..\Game.Network\Game.Network.csproj", "{816F4C8D-21DE-440A-AE9A-D99E077C3703}"
EndProject
Project("{FAE04EC0-301F-11D3-BF4B-00C04F79EFBC}") = "Game.Entities", "..\Game.Entities\Game.Entities.csproj", "{4FFB3829-E503-4CE1-8682-596ACC565118}"
EndProject
Project("{FAE04EC0-301F-11D3-BF4B-00C04F79EFBC}") = "Framework.Animations", "..\Framework.Animations\Framework.Animations.csproj", "{8E74959C-F8B8-41F3-8421-9112CC2CD51B}"
EndProject
Project("{2150E333-8FDC-42A3-9474-1A3956D46DE8}") = "Content Pipelines", "Content Pipelines", "{C103EA13-3C31-4492-B2F5-1238AEBF5E61}"
EndProject
Project("{FAE04EC0-301F-11D3-BF4B-00C04F79EFBC}") = "Framework.Animations.Pipeline", "..\Framework.Animations.Pipeline\Framework.Animations.Pipeline.csproj", "{EDD42E93-1638-4CB4-9E7A-1E0ABF12FC47}"
EndProject
Project("{FAE04EC0-301F-11D3-BF4B-00C04F79EFBC}") = "Framework.Audio", "..\Framework.Audio\Framework.Audio.csproj", "{0BE9CE61-C8BB-4AD7-BBCB-D5FEB964957D}"
EndProject
Global
	GlobalSection(SolutionConfigurationPlatforms) = preSolution
		Debug|Any CPU = Debug|Any CPU
		Debug|Mixed Platforms = Debug|Mixed Platforms
		Debug|x86 = Debug|x86
		Release|Any CPU = Release|Any CPU
		Release|Mixed Platforms = Release|Mixed Platforms
		Release|x86 = Release|x86
	EndGlobalSection
	GlobalSection(ProjectConfigurationPlatforms) = postSolution
		{33E536AC-ED8D-418A-84AF-39678A864190}.Debug|Any CPU.ActiveCfg = Debug|x86
		{33E536AC-ED8D-418A-84AF-39678A864190}.Debug|Mixed Platforms.ActiveCfg = Debug|x86
		{33E536AC-ED8D-418A-84AF-39678A864190}.Debug|Mixed Platforms.Build.0 = Debug|x86
		{33E536AC-ED8D-418A-84AF-39678A864190}.Debug|x86.ActiveCfg = Debug|x86
		{33E536AC-ED8D-418A-84AF-39678A864190}.Debug|x86.Build.0 = Debug|x86
		{33E536AC-ED8D-418A-84AF-39678A864190}.Release|Any CPU.ActiveCfg = Release|x86
		{33E536AC-ED8D-418A-84AF-39678A864190}.Release|Mixed Platforms.ActiveCfg = Release|x86
		{33E536AC-ED8D-418A-84AF-39678A864190}.Release|Mixed Platforms.Build.0 = Release|x86
		{33E536AC-ED8D-418A-84AF-39678A864190}.Release|x86.ActiveCfg = Release|x86
		{33E536AC-ED8D-418A-84AF-39678A864190}.Release|x86.Build.0 = Release|x86
		{C94A52DB-BE2B-41EE-9939-CF4FEBE1C4FF}.Debug|Any CPU.ActiveCfg = Debug|x86
		{C94A52DB-BE2B-41EE-9939-CF4FEBE1C4FF}.Debug|Mixed Platforms.ActiveCfg = Debug|x86
		{C94A52DB-BE2B-41EE-9939-CF4FEBE1C4FF}.Debug|x86.ActiveCfg = Debug|x86
		{C94A52DB-BE2B-41EE-9939-CF4FEBE1C4FF}.Release|Any CPU.ActiveCfg = Release|x86
		{C94A52DB-BE2B-41EE-9939-CF4FEBE1C4FF}.Release|Mixed Platforms.ActiveCfg = Release|x86
		{C94A52DB-BE2B-41EE-9939-CF4FEBE1C4FF}.Release|x86.ActiveCfg = Release|x86
		{F0B86B7F-3493-4EF9-919B-36C8CC4B0A9B}.Debug|Any CPU.ActiveCfg = Debug|x86
		{F0B86B7F-3493-4EF9-919B-36C8CC4B0A9B}.Debug|Mixed Platforms.ActiveCfg = Debug|x86
		{F0B86B7F-3493-4EF9-919B-36C8CC4B0A9B}.Debug|Mixed Platforms.Build.0 = Debug|x86
		{F0B86B7F-3493-4EF9-919B-36C8CC4B0A9B}.Debug|x86.ActiveCfg = Debug|x86
		{F0B86B7F-3493-4EF9-919B-36C8CC4B0A9B}.Debug|x86.Build.0 = Debug|x86
		{F0B86B7F-3493-4EF9-919B-36C8CC4B0A9B}.Release|Any CPU.ActiveCfg = Release|x86
		{F0B86B7F-3493-4EF9-919B-36C8CC4B0A9B}.Release|Mixed Platforms.ActiveCfg = Release|x86
		{F0B86B7F-3493-4EF9-919B-36C8CC4B0A9B}.Release|Mixed Platforms.Build.0 = Release|x86
		{F0B86B7F-3493-4EF9-919B-36C8CC4B0A9B}.Release|x86.ActiveCfg = Release|x86
		{F0B86B7F-3493-4EF9-919B-36C8CC4B0A9B}.Release|x86.Build.0 = Release|x86
		{F32613D7-5152-435E-A396-D3C4C87BB83B}.Debug|Any CPU.ActiveCfg = Debug|x86
		{F32613D7-5152-435E-A396-D3C4C87BB83B}.Debug|Mixed Platforms.ActiveCfg = Debug|x86
		{F32613D7-5152-435E-A396-D3C4C87BB83B}.Debug|Mixed Platforms.Build.0 = Debug|x86
		{F32613D7-5152-435E-A396-D3C4C87BB83B}.Debug|x86.ActiveCfg = Debug|x86
		{F32613D7-5152-435E-A396-D3C4C87BB83B}.Debug|x86.Build.0 = Debug|x86
		{F32613D7-5152-435E-A396-D3C4C87BB83B}.Release|Any CPU.ActiveCfg = Release|x86
		{F32613D7-5152-435E-A396-D3C4C87BB83B}.Release|Mixed Platforms.ActiveCfg = Release|x86
		{F32613D7-5152-435E-A396-D3C4C87BB83B}.Release|Mixed Platforms.Build.0 = Release|x86
		{F32613D7-5152-435E-A396-D3C4C87BB83B}.Release|x86.ActiveCfg = Release|x86
		{F32613D7-5152-435E-A396-D3C4C87BB83B}.Release|x86.Build.0 = Release|x86
		{B5CC347C-15CB-4E6F-B87B-66E931C33A3C}.Debug|Any CPU.ActiveCfg = Debug|x86
		{B5CC347C-15CB-4E6F-B87B-66E931C33A3C}.Debug|Mixed Platforms.ActiveCfg = Debug|x86
		{B5CC347C-15CB-4E6F-B87B-66E931C33A3C}.Debug|Mixed Platforms.Build.0 = Debug|x86
		{B5CC347C-15CB-4E6F-B87B-66E931C33A3C}.Debug|x86.ActiveCfg = Debug|x86
		{B5CC347C-15CB-4E6F-B87B-66E931C33A3C}.Debug|x86.Build.0 = Debug|x86
		{B5CC347C-15CB-4E6F-B87B-66E931C33A3C}.Release|Any CPU.ActiveCfg = Release|x86
		{B5CC347C-15CB-4E6F-B87B-66E931C33A3C}.Release|Mixed Platforms.ActiveCfg = Release|x86
		{B5CC347C-15CB-4E6F-B87B-66E931C33A3C}.Release|Mixed Platforms.Build.0 = Release|x86
		{B5CC347C-15CB-4E6F-B87B-66E931C33A3C}.Release|x86.ActiveCfg = Release|x86
		{B5CC347C-15CB-4E6F-B87B-66E931C33A3C}.Release|x86.Build.0 = Release|x86
		{05959044-0F61-4D38-89F7-38B2B2D44AD7}.Debug|Any CPU.ActiveCfg = Debug|x86
		{05959044-0F61-4D38-89F7-38B2B2D44AD7}.Debug|Mixed Platforms.ActiveCfg = Debug|x86
		{05959044-0F61-4D38-89F7-38B2B2D44AD7}.Debug|Mixed Platforms.Build.0 = Debug|x86
		{05959044-0F61-4D38-89F7-38B2B2D44AD7}.Debug|x86.ActiveCfg = Debug|x86
		{05959044-0F61-4D38-89F7-38B2B2D44AD7}.Debug|x86.Build.0 = Debug|x86
		{05959044-0F61-4D38-89F7-38B2B2D44AD7}.Release|Any CPU.ActiveCfg = Release|x86
		{05959044-0F61-4D38-89F7-38B2B2D44AD7}.Release|Mixed Platforms.ActiveCfg = Release|x86
		{05959044-0F61-4D38-89F7-38B2B2D44AD7}.Release|Mixed Platforms.Build.0 = Release|x86
		{05959044-0F61-4D38-89F7-38B2B2D44AD7}.Release|x86.ActiveCfg = Release|x86
		{05959044-0F61-4D38-89F7-38B2B2D44AD7}.Release|x86.Build.0 = Release|x86
		{8677A581-51A1-4825-B283-4BEAB53EBE3C}.Debug|Any CPU.ActiveCfg = Debug|x86
		{8677A581-51A1-4825-B283-4BEAB53EBE3C}.Debug|Mixed Platforms.ActiveCfg = Debug|x86
		{8677A581-51A1-4825-B283-4BEAB53EBE3C}.Debug|Mixed Platforms.Build.0 = Debug|x86
		{8677A581-51A1-4825-B283-4BEAB53EBE3C}.Debug|x86.ActiveCfg = Debug|x86
		{8677A581-51A1-4825-B283-4BEAB53EBE3C}.Debug|x86.Build.0 = Debug|x86
		{8677A581-51A1-4825-B283-4BEAB53EBE3C}.Release|Any CPU.ActiveCfg = Release|x86
		{8677A581-51A1-4825-B283-4BEAB53EBE3C}.Release|Mixed Platforms.ActiveCfg = Release|x86
		{8677A581-51A1-4825-B283-4BEAB53EBE3C}.Release|Mixed Platforms.Build.0 = Release|x86
		{8677A581-51A1-4825-B283-4BEAB53EBE3C}.Release|x86.ActiveCfg = Release|x86
		{8677A581-51A1-4825-B283-4BEAB53EBE3C}.Release|x86.Build.0 = Release|x86
		{B970FFE7-43B4-4D78-9CD3-254BCA6564FA}.Debug|Any CPU.ActiveCfg = Debug|x86
		{B970FFE7-43B4-4D78-9CD3-254BCA6564FA}.Debug|Mixed Platforms.ActiveCfg = Debug|x86
		{B970FFE7-43B4-4D78-9CD3-254BCA6564FA}.Debug|Mixed Platforms.Build.0 = Debug|x86
		{B970FFE7-43B4-4D78-9CD3-254BCA6564FA}.Debug|x86.ActiveCfg = Debug|x86
		{B970FFE7-43B4-4D78-9CD3-254BCA6564FA}.Debug|x86.Build.0 = Debug|x86
		{B970FFE7-43B4-4D78-9CD3-254BCA6564FA}.Release|Any CPU.ActiveCfg = Release|x86
		{B970FFE7-43B4-4D78-9CD3-254BCA6564FA}.Release|Mixed Platforms.ActiveCfg = Release|x86
		{B970FFE7-43B4-4D78-9CD3-254BCA6564FA}.Release|Mixed Platforms.Build.0 = Release|x86
		{B970FFE7-43B4-4D78-9CD3-254BCA6564FA}.Release|x86.ActiveCfg = Release|x86
		{B970FFE7-43B4-4D78-9CD3-254BCA6564FA}.Release|x86.Build.0 = Release|x86
		{816F4C8D-21DE-440A-AE9A-D99E077C3703}.Debug|Any CPU.ActiveCfg = Debug|x86
		{816F4C8D-21DE-440A-AE9A-D99E077C3703}.Debug|Mixed Platforms.ActiveCfg = Debug|x86
		{816F4C8D-21DE-440A-AE9A-D99E077C3703}.Debug|Mixed Platforms.Build.0 = Debug|x86
		{816F4C8D-21DE-440A-AE9A-D99E077C3703}.Debug|x86.ActiveCfg = Debug|x86
		{816F4C8D-21DE-440A-AE9A-D99E077C3703}.Debug|x86.Build.0 = Debug|x86
		{816F4C8D-21DE-440A-AE9A-D99E077C3703}.Release|Any CPU.ActiveCfg = Release|x86
		{816F4C8D-21DE-440A-AE9A-D99E077C3703}.Release|Mixed Platforms.ActiveCfg = Release|x86
		{816F4C8D-21DE-440A-AE9A-D99E077C3703}.Release|Mixed Platforms.Build.0 = Release|x86
		{816F4C8D-21DE-440A-AE9A-D99E077C3703}.Release|x86.ActiveCfg = Release|x86
		{816F4C8D-21DE-440A-AE9A-D99E077C3703}.Release|x86.Build.0 = Release|x86
		{4FFB3829-E503-4CE1-8682-596ACC565118}.Debug|Any CPU.ActiveCfg = Debug|x86
		{4FFB3829-E503-4CE1-8682-596ACC565118}.Debug|Mixed Platforms.ActiveCfg = Debug|x86
		{4FFB3829-E503-4CE1-8682-596ACC565118}.Debug|Mixed Platforms.Build.0 = Debug|x86
		{4FFB3829-E503-4CE1-8682-596ACC565118}.Debug|x86.ActiveCfg = Debug|x86
		{4FFB3829-E503-4CE1-8682-596ACC565118}.Debug|x86.Build.0 = Debug|x86
		{4FFB3829-E503-4CE1-8682-596ACC565118}.Release|Any CPU.ActiveCfg = Release|x86
		{4FFB3829-E503-4CE1-8682-596ACC565118}.Release|Mixed Platforms.ActiveCfg = Release|x86
		{4FFB3829-E503-4CE1-8682-596ACC565118}.Release|Mixed Platforms.Build.0 = Release|x86
		{4FFB3829-E503-4CE1-8682-596ACC565118}.Release|x86.ActiveCfg = Release|x86
		{4FFB3829-E503-4CE1-8682-596ACC565118}.Release|x86.Build.0 = Release|x86
		{8E74959C-F8B8-41F3-8421-9112CC2CD51B}.Debug|Any CPU.ActiveCfg = Debug|x86
		{8E74959C-F8B8-41F3-8421-9112CC2CD51B}.Debug|Mixed Platforms.ActiveCfg = Debug|x86
		{8E74959C-F8B8-41F3-8421-9112CC2CD51B}.Debug|Mixed Platforms.Build.0 = Debug|x86
		{8E74959C-F8B8-41F3-8421-9112CC2CD51B}.Debug|x86.ActiveCfg = Debug|x86
		{8E74959C-F8B8-41F3-8421-9112CC2CD51B}.Debug|x86.Build.0 = Debug|x86
		{8E74959C-F8B8-41F3-8421-9112CC2CD51B}.Release|Any CPU.ActiveCfg = Release|x86
		{8E74959C-F8B8-41F3-8421-9112CC2CD51B}.Release|Mixed Platforms.ActiveCfg = Release|x86
		{8E74959C-F8B8-41F3-8421-9112CC2CD51B}.Release|Mixed Platforms.Build.0 = Release|x86
		{8E74959C-F8B8-41F3-8421-9112CC2CD51B}.Release|x86.ActiveCfg = Release|x86
		{8E74959C-F8B8-41F3-8421-9112CC2CD51B}.Release|x86.Build.0 = Release|x86
		{EDD42E93-1638-4CB4-9E7A-1E0ABF12FC47}.Debug|Any CPU.ActiveCfg = Debug|Any CPU
		{EDD42E93-1638-4CB4-9E7A-1E0ABF12FC47}.Debug|Any CPU.Build.0 = Debug|Any CPU
		{EDD42E93-1638-4CB4-9E7A-1E0ABF12FC47}.Debug|Mixed Platforms.ActiveCfg = Debug|Any CPU
		{EDD42E93-1638-4CB4-9E7A-1E0ABF12FC47}.Debug|Mixed Platforms.Build.0 = Debug|Any CPU
		{EDD42E93-1638-4CB4-9E7A-1E0ABF12FC47}.Debug|x86.ActiveCfg = Debug|Any CPU
		{EDD42E93-1638-4CB4-9E7A-1E0ABF12FC47}.Release|Any CPU.ActiveCfg = Release|Any CPU
		{EDD42E93-1638-4CB4-9E7A-1E0ABF12FC47}.Release|Any CPU.Build.0 = Release|Any CPU
		{EDD42E93-1638-4CB4-9E7A-1E0ABF12FC47}.Release|Mixed Platforms.ActiveCfg = Release|Any CPU
		{EDD42E93-1638-4CB4-9E7A-1E0ABF12FC47}.Release|Mixed Platforms.Build.0 = Release|Any CPU
		{EDD42E93-1638-4CB4-9E7A-1E0ABF12FC47}.Release|x86.ActiveCfg = Release|Any CPU
		{0BE9CE61-C8BB-4AD7-BBCB-D5FEB964957D}.Debug|Any CPU.ActiveCfg = Debug|x86
		{0BE9CE61-C8BB-4AD7-BBCB-D5FEB964957D}.Debug|Mixed Platforms.ActiveCfg = Debug|x86
		{0BE9CE61-C8BB-4AD7-BBCB-D5FEB964957D}.Debug|Mixed Platforms.Build.0 = Debug|x86
		{0BE9CE61-C8BB-4AD7-BBCB-D5FEB964957D}.Debug|x86.ActiveCfg = Debug|x86
		{0BE9CE61-C8BB-4AD7-BBCB-D5FEB964957D}.Debug|x86.Build.0 = Debug|x86
		{0BE9CE61-C8BB-4AD7-BBCB-D5FEB964957D}.Release|Any CPU.ActiveCfg = Release|x86
		{0BE9CE61-C8BB-4AD7-BBCB-D5FEB964957D}.Release|Mixed Platforms.ActiveCfg = Release|x86
		{0BE9CE61-C8BB-4AD7-BBCB-D5FEB964957D}.Release|Mixed Platforms.Build.0 = Release|x86
		{0BE9CE61-C8BB-4AD7-BBCB-D5FEB964957D}.Release|x86.ActiveCfg = Release|x86
		{0BE9CE61-C8BB-4AD7-BBCB-D5FEB964957D}.Release|x86.Build.0 = Release|x86
	EndGlobalSection
	GlobalSection(SolutionProperties) = preSolution
		HideSolutionNode = FALSE
	EndGlobalSection
	GlobalSection(NestedProjects) = preSolution
		{C94A52DB-BE2B-41EE-9939-CF4FEBE1C4FF} = {75D418D0-902B-4B78-B57B-8E30214AA9F6}
		{05959044-0F61-4D38-89F7-38B2B2D44AD7} = {75D418D0-902B-4B78-B57B-8E30214AA9F6}
		{33E536AC-ED8D-418A-84AF-39678A864190} = {75D418D0-902B-4B78-B57B-8E30214AA9F6}
		{816F4C8D-21DE-440A-AE9A-D99E077C3703} = {75D418D0-902B-4B78-B57B-8E30214AA9F6}
		{4FFB3829-E503-4CE1-8682-596ACC565118} = {75D418D0-902B-4B78-B57B-8E30214AA9F6}
		{F32613D7-5152-435E-A396-D3C4C87BB83B} = {AD091AFB-231C-4740-87C2-49D820C2AFC5}
		{F0B86B7F-3493-4EF9-919B-36C8CC4B0A9B} = {AD091AFB-231C-4740-87C2-49D820C2AFC5}
		{8677A581-51A1-4825-B283-4BEAB53EBE3C} = {AD091AFB-231C-4740-87C2-49D820C2AFC5}
		{B970FFE7-43B4-4D78-9CD3-254BCA6564FA} = {AD091AFB-231C-4740-87C2-49D820C2AFC5}
		{8E74959C-F8B8-41F3-8421-9112CC2CD51B} = {AD091AFB-231C-4740-87C2-49D820C2AFC5}
		{0BE9CE61-C8BB-4AD7-BBCB-D5FEB964957D} = {AD091AFB-231C-4740-87C2-49D820C2AFC5}
		{B5CC347C-15CB-4E6F-B87B-66E931C33A3C} = {53661C27-347D-41AE-954C-CD7AAB03225C}
		{92F08E7F-B186-477E-BDF8-29712D94CCB3} = {53661C27-347D-41AE-954C-CD7AAB03225C}
		{EDD42E93-1638-4CB4-9E7A-1E0ABF12FC47} = {C103EA13-3C31-4492-B2F5-1238AEBF5E61}
	EndGlobalSection
EndGlobal
